{
    "_meta": {
        "hash": {
            "sha256": "8d08c6f7185dfc4da4adafe267245c6eee71b40b9cfb9e006fbd1eb2d1cda7cd"
        },
        "pipfile-spec": 6,
        "requires": {
            "python_version": "3.6"
        },
        "sources": [
            {
                "name": "pypi",
                "url": "https://pypi.org/simple",
                "verify_ssl": true
            }
        ]
    },
    "default": {
        "aniso8601": {
            "hashes": [
                "sha256:7849749cf00ae0680ad2bdfe4419c7a662bef19c03691a19e008c8b9a5267802",
                "sha256:94f90871fcd314a458a3d4eca1c84448efbd200e86f55fe4c733c7a40149ef50"
            ],
            "version": "==3.0.2"
        },
        "certifi": {
            "hashes": [
                "sha256:017c25db2a153ce562900032d5bc68e9f191e44e9a0f762f373977de9df1fbb3",
                "sha256:25b64c7da4cd7479594d035c08c2d809eb4aab3a26e5a990ea98cc450c320f1f"
            ],
            "version": "==2019.11.28"
        },
        "chardet": {
            "hashes": [
                "sha256:84ab92ed1c4d4f16916e05906b6b75a6c0fb5db821cc65e70cbd64a3e2a5eaae",
                "sha256:fc323ffcaeaed0e0a02bf4d117757b98aed530d9ed4531e3e15460124c106691"
            ],
            "version": "==3.0.4"
        },
        "django": {
            "hashes": [
                "sha256:a4ad4f6f9c6a4b7af7e2deec8d0cbff28501852e5010d6c2dc695d3d1fae7ca0",
                "sha256:fa98ec9cc9bf5d72a08ebf3654a9452e761fbb8566e3f80de199cbc15477e891"
            ],
            "index": "pypi",
            "version": "==2.2.8"
        },
        "django-cors-headers": {
            "hashes": [
                "sha256:1ccedec2973087be9d73f96d58c4f6660c823efc0385581e13efb77f060d0e02",
                "sha256:fb44f6b9f10de847919305c3f0d38fcfbadfe0dd5cf1c866f37df66ad0dda1bb"
            ],
            "index": "pypi",
            "version": "==2.5.2"
        },
        "django-mama-cas": {
            "hashes": [
                "sha256:4c284773c2f66030a6d391e7a092ac2014652155d05f411c4d9a2233e5902b3c",
                "sha256:b7c8c8cff1ff82bca71518272a8ca6e87a6866737351558e056163d4ca1f7a97"
            ],
            "index": "pypi",
            "version": "==2.4.0"
        },
        "django-sslserver": {
            "hashes": [
                "sha256:6b2514427b4eed0713e478ae6dfdda622070a98f657d61a4502bf42b6311c66e"
            ],
            "index": "pypi",
            "version": "==0.20"
        },
        "graphene": {
            "hashes": [
                "sha256:b8ec446d17fa68721636eaad3d6adc1a378cb6323e219814c8f98c9928fc9642",
                "sha256:faa26573b598b22ffd274e2fd7a4c52efa405dcca96e01a62239482246248aa3"
            ],
            "index": "pypi",
            "version": "==2.1.3"
        },
        "graphene-django": {
            "hashes": [
                "sha256:3afd81d47c8b702650e05cc1179fac1cfceae991d241bb164d51f28bed9ec95c",
                "sha256:760a18068feb5457e2ec00d2447c09b2fbac2a6b8c32cc8be2abce3752107ad3"
            ],
            "index": "pypi",
            "version": "==2.2.0"
        },
        "graphql-core": {
            "hashes": [
                "sha256:1488f2a5c2272dc9ba66e3042a6d1c30cea0db4c80bd1e911c6791ad6187d91b",
                "sha256:da64c472d720da4537a2e8de8ba859210b62841bd47a9be65ca35177f62fe0e4"
            ],
            "version": "==2.2.1"
        },
        "graphql-relay": {
            "hashes": [
                "sha256:2716b7245d97091af21abf096fabafac576905096d21ba7118fba722596f65db"
            ],
            "version": "==0.4.5"
        },
        "idna": {
            "hashes": [
                "sha256:c357b3f628cf53ae2c4c05627ecc484553142ca23264e593d327bcde5e9c3407",
                "sha256:ea8b7f6188e6fa117537c3df7da9fc686d485087abf6ac197f9c46432f7e4a3c"
            ],
            "version": "==2.8"
        },
        "promise": {
            "hashes": [
                "sha256:2ebbfc10b7abf6354403ed785fe4f04b9dfd421eb1a474ac8d187022228332af",
                "sha256:348f5f6c3edd4fd47c9cd65aed03ac1b31136d375aa63871a57d3e444c85655c"
            ],
            "version": "==2.2.1"
        },
        "pymysql": {
            "hashes": [
                "sha256:3943fbbbc1e902f41daf7f9165519f140c4451c179380677e6a848587042561a",
                "sha256:d8c059dcd81dedb85a9f034d5e22dcb4442c0b201908bede99e306d65ea7c8e7"
            ],
            "index": "pypi",
            "version": "==0.9.3"
        },
        "pytz": {
            "hashes": [
                "sha256:1c557d7d0e871de1f5ccd5833f60fb2550652da6be2693c1e02300743d21500d",
                "sha256:b02c06db6cf09c12dd25137e563b31700d3b80fcc4ad23abb7a315f2789819be"
            ],
            "version": "==2019.3"
        },
        "requests": {
            "hashes": [
                "sha256:502a824f31acdacb3a35b6690b5fbf0bc41d63a24a45c4004352b0242707598e",
                "sha256:7bf2a778576d825600030a110f3c0e3e8edc51dfaafe1c146e39a2027784957b"
            ],
            "index": "pypi",
            "version": "==2.21.0"
        },
        "rx": {
            "hashes": [
                "sha256:13a1d8d9e252625c173dc795471e614eadfe1cf40ffc684e08b8fff0d9748c23",
                "sha256:7357592bc7e881a95e0c2013b73326f704953301ab551fbc8133a6fadab84105"
            ],
            "version": "==1.6.1"
        },
        "singledispatch": {
            "hashes": [
                "sha256:5b06af87df13818d14f08a028e42f566640aef80805c3b50c5056b086e3c2b9c",
                "sha256:833b46966687b3de7f438c761ac475213e53b306740f1abfaa86e1d1aae56aa8"
            ],
            "version": "==3.4.0.3"
        },
        "six": {
            "hashes": [
                "sha256:1f1b7d42e254082a9db6279deae68afb421ceba6158efa6131de7b3003ee93fd",
                "sha256:30f610279e8b2578cab6db20741130331735c781b56053c59c4076da27f06b66"
            ],
            "version": "==1.13.0"
        },
        "sqlparse": {
            "hashes": [
                "sha256:40afe6b8d4b1117e7dff5504d7a8ce07d9a1b15aeeade8a2d10f130a834f8177",
                "sha256:7c3dca29c022744e95b547e867cee89f4fce4373f3549ccd8797d8eb52cdb873"
            ],
            "version": "==0.3.0"
        },
        "urllib3": {
            "hashes": [
                "sha256:2393a695cd12afedd0dcb26fe5d50d0cf248e5a66f75dbd89a3d4eb333a61af4",
                "sha256:a637e5fae88995b256e3409dc4d52c2e2e0ba32c42a6365fee8bbd2238de3cfb"
            ],
            "version": "==1.24.3"
        }
    },
    "develop": {}
}
